
Microsoft Visual Studio Solution File, Format Version 12.00
# Visual Studio Version 17
VisualStudioVersion = 17.3.32929.385
MinimumVisualStudioVersion = 10.0.40219.1
Project("{FAE04EC0-301F-11D3-BF4B-00C04F79EFBC}") = "03-OOPWalkThrough3CalculatorApp", "03-OOPWalkThrough3CalculatorApp.csproj", "{B75EF404-2332-4654-8E2E-75E8C35CB93C}"
EndProject
Global
	GlobalSection(SolutionConfigurationPlatforms) = preSolution
		Debug|Any CPU = Debug|Any CPU
		Release|Any CPU = Release|Any CPU
	EndGlobalSection
	GlobalSection(ProjectConfigurationPlatforms) = postSolution
		{B75EF404-2332-4654-8E2E-75E8C35CB93C}.Debug|Any CPU.ActiveCfg = Debug|Any CPU
		{B75EF404-2332-4654-8E2E-75E8C35CB93C}.Debug|Any CPU.Build.0 = Debug|Any CPU
		{B75EF404-2332-4654-8E2E-75E8C35CB93C}.Release|Any CPU.ActiveCfg = Release|Any CPU
		{B75EF404-2332-4654-8E2E-75E8C35CB93C}.Release|Any CPU.Build.0 = Release|Any CPU
	EndGlobalSection
	GlobalSection(SolutionProperties) = preSolution
		HideSolutionNode = FALSE
	EndGlobalSection
	GlobalSection(ExtensibilityGlobals) = postSolution
		SolutionGuid = {65B83716-BB98-4BAE-8D1E-CD0E81339B30}
	EndGlobalSection
EndGlobal
