
Microsoft Visual Studio Solution File, Format Version 12.00
# Visual Studio Version 16
VisualStudioVersion = 16.0.29613.14
MinimumVisualStudioVersion = 10.0.40219.1
Project("{FAE04EC0-301F-11D3-BF4B-00C04F79EFBC}") = "VariableExample3UserInput", "VariableExample3UserInput.csproj", "{01D80001-CEA7-4DBD-BB11-9B30C9542C2E}"
EndProject
Global
	GlobalSection(SolutionConfigurationPlatforms) = preSolution
		Debug|Any CPU = Debug|Any CPU
		Release|Any CPU = Release|Any CPU
	EndGlobalSection
	GlobalSection(ProjectConfigurationPlatforms) = postSolution
		{01D80001-CEA7-4DBD-BB11-9B30C9542C2E}.Debug|Any CPU.ActiveCfg = Debug|Any CPU
		{01D80001-CEA7-4DBD-BB11-9B30C9542C2E}.Debug|Any CPU.Build.0 = Debug|Any CPU
		{01D80001-CEA7-4DBD-BB11-9B30C9542C2E}.Release|Any CPU.ActiveCfg = Release|Any CPU
		{01D80001-CEA7-4DBD-BB11-9B30C9542C2E}.Release|Any CPU.Build.0 = Release|Any CPU
	EndGlobalSection
	GlobalSection(SolutionProperties) = preSolution
		HideSolutionNode = FALSE
	EndGlobalSection
	GlobalSection(ExtensibilityGlobals) = postSolution
		SolutionGuid = {51566272-493D-4192-9047-6F5674704246}
	EndGlobalSection
EndGlobal
