
Microsoft Visual Studio Solution File, Format Version 12.00
# Visual Studio Version 17
VisualStudioVersion = 17.3.32929.385
MinimumVisualStudioVersion = 10.0.40219.1
Project("{FAE04EC0-301F-11D3-BF4B-00C04F79EFBC}") = "02-EmployeeUserDefinedType", "02-EmployeeUserDefinedType.csproj", "{81D1BBD9-0918-4174-AB8B-355005CC5FF5}"
EndProject
Global
	GlobalSection(SolutionConfigurationPlatforms) = preSolution
		Debug|Any CPU = Debug|Any CPU
		Release|Any CPU = Release|Any CPU
	EndGlobalSection
	GlobalSection(ProjectConfigurationPlatforms) = postSolution
		{81D1BBD9-0918-4174-AB8B-355005CC5FF5}.Debug|Any CPU.ActiveCfg = Debug|Any CPU
		{81D1BBD9-0918-4174-AB8B-355005CC5FF5}.Debug|Any CPU.Build.0 = Debug|Any CPU
		{81D1BBD9-0918-4174-AB8B-355005CC5FF5}.Release|Any CPU.ActiveCfg = Release|Any CPU
		{81D1BBD9-0918-4174-AB8B-355005CC5FF5}.Release|Any CPU.Build.0 = Release|Any CPU
	EndGlobalSection
	GlobalSection(SolutionProperties) = preSolution
		HideSolutionNode = FALSE
	EndGlobalSection
	GlobalSection(ExtensibilityGlobals) = postSolution
		SolutionGuid = {E93D2F3C-F5A0-465C-A22B-0B089D310DF3}
	EndGlobalSection
EndGlobal
