
Microsoft Visual Studio Solution File, Format Version 12.00
# Visual Studio Version 17
VisualStudioVersion = 17.3.32929.385
MinimumVisualStudioVersion = 10.0.40219.1
Project("{FAE04EC0-301F-11D3-BF4B-00C04F79EFBC}") = "23-HashSetExample", "23-HashSetExample.csproj", "{3AA83CB2-1F59-4709-96DE-435DA73BC385}"
EndProject
Global
	GlobalSection(SolutionConfigurationPlatforms) = preSolution
		Debug|Any CPU = Debug|Any CPU
		Release|Any CPU = Release|Any CPU
	EndGlobalSection
	GlobalSection(ProjectConfigurationPlatforms) = postSolution
		{3AA83CB2-1F59-4709-96DE-435DA73BC385}.Debug|Any CPU.ActiveCfg = Debug|Any CPU
		{3AA83CB2-1F59-4709-96DE-435DA73BC385}.Debug|Any CPU.Build.0 = Debug|Any CPU
		{3AA83CB2-1F59-4709-96DE-435DA73BC385}.Release|Any CPU.ActiveCfg = Release|Any CPU
		{3AA83CB2-1F59-4709-96DE-435DA73BC385}.Release|Any CPU.Build.0 = Release|Any CPU
	EndGlobalSection
	GlobalSection(SolutionProperties) = preSolution
		HideSolutionNode = FALSE
	EndGlobalSection
	GlobalSection(ExtensibilityGlobals) = postSolution
		SolutionGuid = {5F9792F1-845C-4150-AB53-686C48B22125}
	EndGlobalSection
EndGlobal
