
Microsoft Visual Studio Solution File, Format Version 12.00
# Visual Studio Version 17
VisualStudioVersion = 17.3.32929.385
MinimumVisualStudioVersion = 10.0.40219.1
Project("{FAE04EC0-301F-11D3-BF4B-00C04F79EFBC}") = "10-ForLoopExample1", "10-ForLoopExample1.csproj", "{2A7000CE-1724-4FAA-8C40-17FCD45DBB73}"
EndProject
Global
	GlobalSection(SolutionConfigurationPlatforms) = preSolution
		Debug|Any CPU = Debug|Any CPU
		Release|Any CPU = Release|Any CPU
	EndGlobalSection
	GlobalSection(ProjectConfigurationPlatforms) = postSolution
		{2A7000CE-1724-4FAA-8C40-17FCD45DBB73}.Debug|Any CPU.ActiveCfg = Debug|Any CPU
		{2A7000CE-1724-4FAA-8C40-17FCD45DBB73}.Debug|Any CPU.Build.0 = Debug|Any CPU
		{2A7000CE-1724-4FAA-8C40-17FCD45DBB73}.Release|Any CPU.ActiveCfg = Release|Any CPU
		{2A7000CE-1724-4FAA-8C40-17FCD45DBB73}.Release|Any CPU.Build.0 = Release|Any CPU
	EndGlobalSection
	GlobalSection(SolutionProperties) = preSolution
		HideSolutionNode = FALSE
	EndGlobalSection
	GlobalSection(ExtensibilityGlobals) = postSolution
		SolutionGuid = {2927B925-2B9C-4E98-9267-D04CFCDC1108}
	EndGlobalSection
EndGlobal
