
Microsoft Visual Studio Solution File, Format Version 12.00
# Visual Studio Version 17
VisualStudioVersion = 17.3.32929.385
MinimumVisualStudioVersion = 10.0.40219.1
Project("{FAE04EC0-301F-11D3-BF4B-00C04F79EFBC}") = "02-EmployeeUserDefinedType", "02-EmployeeUserDefinedType.csproj", "{75ED3B1B-C769-442A-BB41-CEFB13456DFE}"
EndProject
Global
	GlobalSection(SolutionConfigurationPlatforms) = preSolution
		Debug|Any CPU = Debug|Any CPU
		Release|Any CPU = Release|Any CPU
	EndGlobalSection
	GlobalSection(ProjectConfigurationPlatforms) = postSolution
		{75ED3B1B-C769-442A-BB41-CEFB13456DFE}.Debug|Any CPU.ActiveCfg = Debug|Any CPU
		{75ED3B1B-C769-442A-BB41-CEFB13456DFE}.Debug|Any CPU.Build.0 = Debug|Any CPU
		{75ED3B1B-C769-442A-BB41-CEFB13456DFE}.Release|Any CPU.ActiveCfg = Release|Any CPU
		{75ED3B1B-C769-442A-BB41-CEFB13456DFE}.Release|Any CPU.Build.0 = Release|Any CPU
	EndGlobalSection
	GlobalSection(SolutionProperties) = preSolution
		HideSolutionNode = FALSE
	EndGlobalSection
	GlobalSection(ExtensibilityGlobals) = postSolution
		SolutionGuid = {8930D170-0D25-438A-8065-C9ABB40B46B9}
	EndGlobalSection
EndGlobal
