
Microsoft Visual Studio Solution File, Format Version 12.00
# Visual Studio Version 17
VisualStudioVersion = 17.3.32929.385
MinimumVisualStudioVersion = 10.0.40219.1
Project("{FAE04EC0-301F-11D3-BF4B-00C04F79EFBC}") = "05-ChangeMakerExample2", "05-ChangeMakerExample2.csproj", "{CA9FD530-D6AE-467B-8A12-BE1634E3F1AA}"
EndProject
Global
	GlobalSection(SolutionConfigurationPlatforms) = preSolution
		Debug|Any CPU = Debug|Any CPU
		Release|Any CPU = Release|Any CPU
	EndGlobalSection
	GlobalSection(ProjectConfigurationPlatforms) = postSolution
		{CA9FD530-D6AE-467B-8A12-BE1634E3F1AA}.Debug|Any CPU.ActiveCfg = Debug|Any CPU
		{CA9FD530-D6AE-467B-8A12-BE1634E3F1AA}.Debug|Any CPU.Build.0 = Debug|Any CPU
		{CA9FD530-D6AE-467B-8A12-BE1634E3F1AA}.Release|Any CPU.ActiveCfg = Release|Any CPU
		{CA9FD530-D6AE-467B-8A12-BE1634E3F1AA}.Release|Any CPU.Build.0 = Release|Any CPU
	EndGlobalSection
	GlobalSection(SolutionProperties) = preSolution
		HideSolutionNode = FALSE
	EndGlobalSection
	GlobalSection(ExtensibilityGlobals) = postSolution
		SolutionGuid = {45BBCB8C-5C76-46A8-9FA6-C1D3FEA08710}
	EndGlobalSection
EndGlobal
