
Microsoft Visual Studio Solution File, Format Version 12.00
# Visual Studio Version 17
VisualStudioVersion = 17.3.32929.385
MinimumVisualStudioVersion = 10.0.40219.1
Project("{FAE04EC0-301F-11D3-BF4B-00C04F79EFBC}") = "25-StackExample", "25-StackExample.csproj", "{9246ED3A-A4C2-472E-B9B5-3294E058F096}"
EndProject
Global
	GlobalSection(SolutionConfigurationPlatforms) = preSolution
		Debug|Any CPU = Debug|Any CPU
		Release|Any CPU = Release|Any CPU
	EndGlobalSection
	GlobalSection(ProjectConfigurationPlatforms) = postSolution
		{9246ED3A-A4C2-472E-B9B5-3294E058F096}.Debug|Any CPU.ActiveCfg = Debug|Any CPU
		{9246ED3A-A4C2-472E-B9B5-3294E058F096}.Debug|Any CPU.Build.0 = Debug|Any CPU
		{9246ED3A-A4C2-472E-B9B5-3294E058F096}.Release|Any CPU.ActiveCfg = Release|Any CPU
		{9246ED3A-A4C2-472E-B9B5-3294E058F096}.Release|Any CPU.Build.0 = Release|Any CPU
	EndGlobalSection
	GlobalSection(SolutionProperties) = preSolution
		HideSolutionNode = FALSE
	EndGlobalSection
	GlobalSection(ExtensibilityGlobals) = postSolution
		SolutionGuid = {12DB0914-B404-4DA1-8A2A-713C4063203B}
	EndGlobalSection
EndGlobal
