
Microsoft Visual Studio Solution File, Format Version 12.00
# Visual Studio Version 17
VisualStudioVersion = 17.3.32929.385
MinimumVisualStudioVersion = 10.0.40219.1
Project("{FAE04EC0-301F-11D3-BF4B-00C04F79EFBC}") = "02-OOPWalkThrough2BankAccountApp", "02-OOPWalkThrough2BankAccountApp.csproj", "{B941357D-DDA2-40A3-907E-77B5355AFB12}"
EndProject
Global
	GlobalSection(SolutionConfigurationPlatforms) = preSolution
		Debug|Any CPU = Debug|Any CPU
		Release|Any CPU = Release|Any CPU
	EndGlobalSection
	GlobalSection(ProjectConfigurationPlatforms) = postSolution
		{B941357D-DDA2-40A3-907E-77B5355AFB12}.Debug|Any CPU.ActiveCfg = Debug|Any CPU
		{B941357D-DDA2-40A3-907E-77B5355AFB12}.Debug|Any CPU.Build.0 = Debug|Any CPU
		{B941357D-DDA2-40A3-907E-77B5355AFB12}.Release|Any CPU.ActiveCfg = Release|Any CPU
		{B941357D-DDA2-40A3-907E-77B5355AFB12}.Release|Any CPU.Build.0 = Release|Any CPU
	EndGlobalSection
	GlobalSection(SolutionProperties) = preSolution
		HideSolutionNode = FALSE
	EndGlobalSection
	GlobalSection(ExtensibilityGlobals) = postSolution
		SolutionGuid = {58B407F0-30B3-4F1F-8607-41DB557FAF7A}
	EndGlobalSection
EndGlobal
