
Microsoft Visual Studio Solution File, Format Version 12.00
# Visual Studio Version 17
VisualStudioVersion = 17.3.32929.385
MinimumVisualStudioVersion = 10.0.40219.1
Project("{FAE04EC0-301F-11D3-BF4B-00C04F79EFBC}") = "SolutionOfPractice2", "SolutionOfPractice2.csproj", "{0E10DF10-F45D-499A-9BAA-6FA763A79C79}"
EndProject
Global
	GlobalSection(SolutionConfigurationPlatforms) = preSolution
		Debug|Any CPU = Debug|Any CPU
		Release|Any CPU = Release|Any CPU
	EndGlobalSection
	GlobalSection(ProjectConfigurationPlatforms) = postSolution
		{0E10DF10-F45D-499A-9BAA-6FA763A79C79}.Debug|Any CPU.ActiveCfg = Debug|Any CPU
		{0E10DF10-F45D-499A-9BAA-6FA763A79C79}.Debug|Any CPU.Build.0 = Debug|Any CPU
		{0E10DF10-F45D-499A-9BAA-6FA763A79C79}.Release|Any CPU.ActiveCfg = Release|Any CPU
		{0E10DF10-F45D-499A-9BAA-6FA763A79C79}.Release|Any CPU.Build.0 = Release|Any CPU
	EndGlobalSection
	GlobalSection(SolutionProperties) = preSolution
		HideSolutionNode = FALSE
	EndGlobalSection
	GlobalSection(ExtensibilityGlobals) = postSolution
		SolutionGuid = {E472E11F-ACB6-433B-807D-E744DF6AA43A}
	EndGlobalSection
EndGlobal
